schema: '2.0'
stages:
  data_ingestion:
    cmd: python -m src.data.data_ingestion
    deps:
    - path: src/data/data_ingestion.py
      hash: md5
      md5: 33929a8042575104789d375a89dd1ed5
      size: 2603
    params:
      params.yaml:
        data_ingestion.random_state: 42
        data_ingestion.test_size: 0.25
    outs:
    - path: data/raw
      hash: md5
      md5: 7d470800a211c2e8451e9d70ff1a3536.dir
      size: 6874644
      nfiles: 2
  data_preprocessing:
    cmd: python -m src.data.data_preprocessing
    deps:
    - path: data/raw/test.csv
      hash: md5
      md5: eb08a1e1a797d9dae3a7465da1c1c4a9
      size: 1646424
    - path: data/raw/train.csv
      hash: md5
      md5: 7a55260d2fc602402118c25ceafadd82
      size: 5228220
    - path: src/data/data_preprocessing.py
      hash: md5
      md5: af66a2a56bb3a7d47df09ba2c6446e95
      size: 2705
    outs:
    - path: data/interim
      hash: md5
      md5: eb5f334b440f73171dcec50c123d499e.dir
      size: 5752304
      nfiles: 2
  feature_extraction:
    cmd: python -m src.features.feature_extraction
    deps:
    - path: data/interim/train_processed.csv
      hash: md5
      md5: 06bcf64be4df3b799575179c78f19ad0
      size: 4367658
    - path: src/features/feature_extraction.py
      hash: md5
      md5: 2e26703ef55ecab531c020f904dfcfbd
      size: 2417
    outs:
    - path: data/processed
      hash: md5
      md5: 3e582353db039153f049f1e9f4d18c6e.dir
      size: 1042757357
      nfiles: 2
    - path: tfidf_vectorizer.pkl
      hash: md5
      md5: 0938adf28de6dd86b7aeb18a84947b47
      size: 356524
  model_building:
    cmd: python -m src.model.model_building
    deps:
    - path: data/processed
      hash: md5
      md5: 3e582353db039153f049f1e9f4d18c6e.dir
      size: 1042757357
      nfiles: 2
    - path: src/model/model_building.py
      hash: md5
      md5: b6136821fc58333a6cbce8bad2e57062
      size: 1790
    params:
      params.yaml:
        model_building.class_weight: balanced
        model_building.colsample_bytree: 0.7616387832635141
        model_building.learning_rate: 0.040414882180645394
        model_building.max_depth: 11
        model_building.min_child_samples: 23
        model_building.n_estimators: 980
        model_building.num_class: 3
        model_building.num_leaves: 79
        model_building.objective: multiclass
        model_building.random_state: 42
        model_building.reg_alpha: 1.8391205366209558e-06
        model_building.reg_lambda: 0.0005919096233992369
        model_building.subsample: 0.9653126342291365
    outs:
    - path: lgbm_model.pkl
      hash: md5
      md5: 8dae8ed0355fbb796a96f3831d73d63a
      size: 11484365
  model_evaluation:
    cmd: python -m src.model.model_evaluation
    deps:
    - path: data/interim/test_processed.csv
      hash: md5
      md5: bf4f50c199d64dcb42378d6e5af4749a
      size: 1384646
    - path: lgbm_model.pkl
      hash: md5
      md5: 8dae8ed0355fbb796a96f3831d73d63a
      size: 11484365
    - path: src/model/model_evaluation.py
      hash: md5
      md5: 4123820ddb33ad7e249fe1a7a4aeb83b
      size: 8083
    - path: tfidf_vectorizer.pkl
      hash: md5
      md5: 0938adf28de6dd86b7aeb18a84947b47
      size: 356524
    outs:
    - path: experiment_info.json
      hash: md5
      md5: fc2eedcdfec280b2ddf1680425ac6993
      size: 84
    - path: reports/figures/confusion_matrix_Test_Data.png
      hash: md5
      md5: ccb7ac8e16c5c48ccf5ade13d0687204
      size: 24914
  model_registration:
    cmd: python -m src.model.register_model
    deps:
    - path: experiment_info.json
      hash: md5
      md5: fc2eedcdfec280b2ddf1680425ac6993
      size: 84
    - path: src/model/register_model.py
      hash: md5
      md5: 56a344177b1d29518b300d0955e58cd2
      size: 2365
