schema: '2.0'
stages:
  data_ingestion:
    cmd: python -m src.data.data_ingestion
    deps:
    - path: src/data/data_ingestion.py
      hash: md5
      md5: c6c9bd8e0934b99b67e1797aaacc0f01
      size: 2708
    params:
      params.yaml:
        data_ingestion.random_state: 42
        data_ingestion.test_size: 0.2
    outs:
    - path: data/raw
      hash: md5
      md5: e493db8c1bb80a756295c57267d1252d.dir
      size: 6911439
      nfiles: 2
  data_preprocessing:
    cmd: python -m src.data.data_preprocessing
    deps:
    - path: data/raw/test.csv
      hash: md5
      md5: bf41daae5e1ac23c75cc0a99750f583c
      size: 1337697
    - path: data/raw/train.csv
      hash: md5
      md5: 1a14ed35d03e59932a6c2c2c992a2dfa
      size: 5573742
    - path: src/data/data_preprocessing.py
      hash: md5
      md5: 936468edac8d002c2a23dd118f12edb1
      size: 2812
    outs:
    - path: data/interim
      hash: md5
      md5: 7571fcb6744aba0fda716274c9bffa05.dir
      size: 5791247
      nfiles: 2
